
Microsoft Visual Studio Solution File, Format Version 12.00
# Visual Studio 2013
VisualStudioVersion = 12.0.30723.0
MinimumVisualStudioVersion = 10.0.40219.1
Project("{FAE04EC0-301F-11D3-BF4B-00C04F79EFBC}") = "SportsStore.Domain", "SportsStore.Domain\SportsStore.Domain.csproj", "{4AB277BF-CF63-42CF-A004-3C0C000E8BD9}"
EndProject
Project("{FAE04EC0-301F-11D3-BF4B-00C04F79EFBC}") = "SportsStore.WebUI", "SportsStore.WebUI\SportsStore.WebUI.csproj", "{5BDA9A8A-9358-4399-A8E2-E60F30A4FB2B}"
EndProject
Project("{FAE04EC0-301F-11D3-BF4B-00C04F79EFBC}") = "SportsStore.UnitTests", "SportsStore.UnitTests\SportsStore.UnitTests.csproj", "{9C07923B-62CB-48D2-AF5B-82239124DE3C}"
EndProject
Global
	GlobalSection(SolutionConfigurationPlatforms) = preSolution
		Debug|Any CPU = Debug|Any CPU
		Release|Any CPU = Release|Any CPU
	EndGlobalSection
	GlobalSection(ProjectConfigurationPlatforms) = postSolution
		{4AB277BF-CF63-42CF-A004-3C0C000E8BD9}.Debug|Any CPU.ActiveCfg = Debug|Any CPU
		{4AB277BF-CF63-42CF-A004-3C0C000E8BD9}.Debug|Any CPU.Build.0 = Debug|Any CPU
		{4AB277BF-CF63-42CF-A004-3C0C000E8BD9}.Release|Any CPU.ActiveCfg = Release|Any CPU
		{4AB277BF-CF63-42CF-A004-3C0C000E8BD9}.Release|Any CPU.Build.0 = Release|Any CPU
		{5BDA9A8A-9358-4399-A8E2-E60F30A4FB2B}.Debug|Any CPU.ActiveCfg = Debug|Any CPU
		{5BDA9A8A-9358-4399-A8E2-E60F30A4FB2B}.Debug|Any CPU.Build.0 = Debug|Any CPU
		{5BDA9A8A-9358-4399-A8E2-E60F30A4FB2B}.Release|Any CPU.ActiveCfg = Release|Any CPU
		{5BDA9A8A-9358-4399-A8E2-E60F30A4FB2B}.Release|Any CPU.Build.0 = Release|Any CPU
		{9C07923B-62CB-48D2-AF5B-82239124DE3C}.Debug|Any CPU.ActiveCfg = Debug|Any CPU
		{9C07923B-62CB-48D2-AF5B-82239124DE3C}.Debug|Any CPU.Build.0 = Debug|Any CPU
		{9C07923B-62CB-48D2-AF5B-82239124DE3C}.Release|Any CPU.ActiveCfg = Release|Any CPU
		{9C07923B-62CB-48D2-AF5B-82239124DE3C}.Release|Any CPU.Build.0 = Release|Any CPU
	EndGlobalSection
	GlobalSection(SolutionProperties) = preSolution
		HideSolutionNode = FALSE
	EndGlobalSection
EndGlobal
